
Microsoft Visual Studio Solution File, Format Version 12.00
# Visual Studio 15
VisualStudioVersion = 15.0.28307.572
MinimumVisualStudioVersion = 10.0.40219.1
Project("{FAE04EC0-301F-11D3-BF4B-00C04F79EFBC}") = "LabClases1", "LabClases1\LabClases1.csproj", "{EEC6C771-EB8C-4F86-80C0-3AAF479C4FE8}"
EndProject
Project("{FAE04EC0-301F-11D3-BF4B-00C04F79EFBC}") = "Clases", "Clases\Clases.csproj", "{9B6F4BD3-B805-45F3-8FA2-8AC24D960524}"
EndProject
Global
	GlobalSection(SolutionConfigurationPlatforms) = preSolution
		Debug|Any CPU = Debug|Any CPU
		Release|Any CPU = Release|Any CPU
	EndGlobalSection
	GlobalSection(ProjectConfigurationPlatforms) = postSolution
		{EEC6C771-EB8C-4F86-80C0-3AAF479C4FE8}.Debug|Any CPU.ActiveCfg = Debug|Any CPU
		{EEC6C771-EB8C-4F86-80C0-3AAF479C4FE8}.Debug|Any CPU.Build.0 = Debug|Any CPU
		{EEC6C771-EB8C-4F86-80C0-3AAF479C4FE8}.Release|Any CPU.ActiveCfg = Release|Any CPU
		{EEC6C771-EB8C-4F86-80C0-3AAF479C4FE8}.Release|Any CPU.Build.0 = Release|Any CPU
		{9B6F4BD3-B805-45F3-8FA2-8AC24D960524}.Debug|Any CPU.ActiveCfg = Debug|Any CPU
		{9B6F4BD3-B805-45F3-8FA2-8AC24D960524}.Debug|Any CPU.Build.0 = Debug|Any CPU
		{9B6F4BD3-B805-45F3-8FA2-8AC24D960524}.Release|Any CPU.ActiveCfg = Release|Any CPU
		{9B6F4BD3-B805-45F3-8FA2-8AC24D960524}.Release|Any CPU.Build.0 = Release|Any CPU
	EndGlobalSection
	GlobalSection(SolutionProperties) = preSolution
		HideSolutionNode = FALSE
	EndGlobalSection
	GlobalSection(ExtensibilityGlobals) = postSolution
		SolutionGuid = {66640EAF-5945-4863-865C-A0D8202EB7E4}
	EndGlobalSection
EndGlobal
