
Microsoft Visual Studio Solution File, Format Version 12.00
# Visual Studio 15
VisualStudioVersion = 15.0.27004.2006
MinimumVisualStudioVersion = 10.0.40219.1
Project("{FAE04EC0-301F-11D3-BF4B-00C04F79EFBC}") = "Academia", "Academia\Academia.csproj", "{11452226-4B49-4824-8E8F-D0660293BC9B}"
EndProject
Global
	GlobalSection(SolutionConfigurationPlatforms) = preSolution
		Debug|Any CPU = Debug|Any CPU
		Release|Any CPU = Release|Any CPU
	EndGlobalSection
	GlobalSection(ProjectConfigurationPlatforms) = postSolution
		{11452226-4B49-4824-8E8F-D0660293BC9B}.Debug|Any CPU.ActiveCfg = Debug|Any CPU
		{11452226-4B49-4824-8E8F-D0660293BC9B}.Debug|Any CPU.Build.0 = Debug|Any CPU
		{11452226-4B49-4824-8E8F-D0660293BC9B}.Release|Any CPU.ActiveCfg = Release|Any CPU
		{11452226-4B49-4824-8E8F-D0660293BC9B}.Release|Any CPU.Build.0 = Release|Any CPU
	EndGlobalSection
	GlobalSection(SolutionProperties) = preSolution
		HideSolutionNode = FALSE
	EndGlobalSection
	GlobalSection(ExtensibilityGlobals) = postSolution
		SolutionGuid = {E3B24387-581F-4BEA-B108-9F15B1F127BA}
	EndGlobalSection
EndGlobal
