
Microsoft Visual Studio Solution File, Format Version 12.00
# Visual Studio 15
VisualStudioVersion = 15.0.28307.572
MinimumVisualStudioVersion = 10.0.40219.1
Project("{FAE04EC0-301F-11D3-BF4B-00C04F79EFBC}") = "UI.Desktop", "UI.Desktop\UI.Desktop.csproj", "{1CD6F2A1-1DB9-4BAF-B420-EA7533A3165E}"
EndProject
Project("{FAE04EC0-301F-11D3-BF4B-00C04F79EFBC}") = "Business.Logic", "Business.Logic\Business.Logic.csproj", "{92368E75-BE12-463E-A3A8-D5AD894CD29C}"
EndProject
Project("{FAE04EC0-301F-11D3-BF4B-00C04F79EFBC}") = "Util", "Util\Util.csproj", "{0DC4CC63-6782-4D80-8122-20A62767B189}"
EndProject
Project("{FAE04EC0-301F-11D3-BF4B-00C04F79EFBC}") = "Business.Entities", "Business.Entities\Business.Entities.csproj", "{BE78F8DC-665E-4CB5-B5C3-0CB0F389ACE9}"
EndProject
Project("{FAE04EC0-301F-11D3-BF4B-00C04F79EFBC}") = "UI.Web", "..\UI.Web\UI.Web.csproj", "{6B5A46EC-DA83-47B6-93B4-040B6BD7CA81}"
EndProject
Global
	GlobalSection(SolutionConfigurationPlatforms) = preSolution
		Debug|Any CPU = Debug|Any CPU
		Release|Any CPU = Release|Any CPU
	EndGlobalSection
	GlobalSection(ProjectConfigurationPlatforms) = postSolution
		{1CD6F2A1-1DB9-4BAF-B420-EA7533A3165E}.Debug|Any CPU.ActiveCfg = Debug|Any CPU
		{1CD6F2A1-1DB9-4BAF-B420-EA7533A3165E}.Debug|Any CPU.Build.0 = Debug|Any CPU
		{1CD6F2A1-1DB9-4BAF-B420-EA7533A3165E}.Release|Any CPU.ActiveCfg = Release|Any CPU
		{1CD6F2A1-1DB9-4BAF-B420-EA7533A3165E}.Release|Any CPU.Build.0 = Release|Any CPU
		{92368E75-BE12-463E-A3A8-D5AD894CD29C}.Debug|Any CPU.ActiveCfg = Debug|Any CPU
		{92368E75-BE12-463E-A3A8-D5AD894CD29C}.Debug|Any CPU.Build.0 = Debug|Any CPU
		{92368E75-BE12-463E-A3A8-D5AD894CD29C}.Release|Any CPU.ActiveCfg = Release|Any CPU
		{92368E75-BE12-463E-A3A8-D5AD894CD29C}.Release|Any CPU.Build.0 = Release|Any CPU
		{0DC4CC63-6782-4D80-8122-20A62767B189}.Debug|Any CPU.ActiveCfg = Debug|Any CPU
		{0DC4CC63-6782-4D80-8122-20A62767B189}.Debug|Any CPU.Build.0 = Debug|Any CPU
		{0DC4CC63-6782-4D80-8122-20A62767B189}.Release|Any CPU.ActiveCfg = Release|Any CPU
		{0DC4CC63-6782-4D80-8122-20A62767B189}.Release|Any CPU.Build.0 = Release|Any CPU
		{BE78F8DC-665E-4CB5-B5C3-0CB0F389ACE9}.Debug|Any CPU.ActiveCfg = Debug|Any CPU
		{BE78F8DC-665E-4CB5-B5C3-0CB0F389ACE9}.Debug|Any CPU.Build.0 = Debug|Any CPU
		{BE78F8DC-665E-4CB5-B5C3-0CB0F389ACE9}.Release|Any CPU.ActiveCfg = Release|Any CPU
		{BE78F8DC-665E-4CB5-B5C3-0CB0F389ACE9}.Release|Any CPU.Build.0 = Release|Any CPU
		{6B5A46EC-DA83-47B6-93B4-040B6BD7CA81}.Debug|Any CPU.ActiveCfg = Debug|Any CPU
		{6B5A46EC-DA83-47B6-93B4-040B6BD7CA81}.Debug|Any CPU.Build.0 = Debug|Any CPU
		{6B5A46EC-DA83-47B6-93B4-040B6BD7CA81}.Release|Any CPU.ActiveCfg = Release|Any CPU
		{6B5A46EC-DA83-47B6-93B4-040B6BD7CA81}.Release|Any CPU.Build.0 = Release|Any CPU
	EndGlobalSection
	GlobalSection(SolutionProperties) = preSolution
		HideSolutionNode = FALSE
	EndGlobalSection
	GlobalSection(ExtensibilityGlobals) = postSolution
		SolutionGuid = {41288843-758D-4A08-B9EF-2FDBDCB2E409}
	EndGlobalSection
EndGlobal
