
Microsoft Visual Studio Solution File, Format Version 12.00
# Visual Studio 15
VisualStudioVersion = 15.0.28307.572
MinimumVisualStudioVersion = 10.0.40219.1
Project("{FAE04EC0-301F-11D3-BF4B-00C04F79EFBC}") = "LabClases2", "LabClases2\LabClases2.csproj", "{2EBA6BF2-3966-4BD4-B74A-6B3C95C0B9A8}"
EndProject
Project("{FAE04EC0-301F-11D3-BF4B-00C04F79EFBC}") = "Clases", "Clases\Clases.csproj", "{76B417EA-A0E3-4B29-A640-C19303675132}"
EndProject
Global
	GlobalSection(SolutionConfigurationPlatforms) = preSolution
		Debug|Any CPU = Debug|Any CPU
		Release|Any CPU = Release|Any CPU
	EndGlobalSection
	GlobalSection(ProjectConfigurationPlatforms) = postSolution
		{2EBA6BF2-3966-4BD4-B74A-6B3C95C0B9A8}.Debug|Any CPU.ActiveCfg = Debug|Any CPU
		{2EBA6BF2-3966-4BD4-B74A-6B3C95C0B9A8}.Debug|Any CPU.Build.0 = Debug|Any CPU
		{2EBA6BF2-3966-4BD4-B74A-6B3C95C0B9A8}.Release|Any CPU.ActiveCfg = Release|Any CPU
		{2EBA6BF2-3966-4BD4-B74A-6B3C95C0B9A8}.Release|Any CPU.Build.0 = Release|Any CPU
		{76B417EA-A0E3-4B29-A640-C19303675132}.Debug|Any CPU.ActiveCfg = Debug|Any CPU
		{76B417EA-A0E3-4B29-A640-C19303675132}.Debug|Any CPU.Build.0 = Debug|Any CPU
		{76B417EA-A0E3-4B29-A640-C19303675132}.Release|Any CPU.ActiveCfg = Release|Any CPU
		{76B417EA-A0E3-4B29-A640-C19303675132}.Release|Any CPU.Build.0 = Release|Any CPU
	EndGlobalSection
	GlobalSection(SolutionProperties) = preSolution
		HideSolutionNode = FALSE
	EndGlobalSection
	GlobalSection(ExtensibilityGlobals) = postSolution
		SolutionGuid = {3D4A55CB-0631-4DCB-B644-9A0C8F692927}
	EndGlobalSection
EndGlobal
